
Microsoft Visual Studio Solution File, Format Version 12.00
# Visual Studio Version 17
VisualStudioVersion = 17.3.32929.385
MinimumVisualStudioVersion = 10.0.40219.1
Project("{FAE04EC0-301F-11D3-BF4B-00C04F79EFBC}") = "CleanArchMvc.WindowsForm", "CleanArchMvc.WindowsForm\CleanArchMvc.WindowsForm.csproj", "{90953BA8-4F09-4288-A23A-114D0946B785}"
EndProject
Global
	GlobalSection(SolutionConfigurationPlatforms) = preSolution
		Debug|Any CPU = Debug|Any CPU
		Release|Any CPU = Release|Any CPU
	EndGlobalSection
	GlobalSection(ProjectConfigurationPlatforms) = postSolution
		{90953BA8-4F09-4288-A23A-114D0946B785}.Debug|Any CPU.ActiveCfg = Debug|Any CPU
		{90953BA8-4F09-4288-A23A-114D0946B785}.Debug|Any CPU.Build.0 = Debug|Any CPU
		{90953BA8-4F09-4288-A23A-114D0946B785}.Release|Any CPU.ActiveCfg = Release|Any CPU
		{90953BA8-4F09-4288-A23A-114D0946B785}.Release|Any CPU.Build.0 = Release|Any CPU
	EndGlobalSection
	GlobalSection(SolutionProperties) = preSolution
		HideSolutionNode = FALSE
	EndGlobalSection
	GlobalSection(ExtensibilityGlobals) = postSolution
		SolutionGuid = {0099784A-C118-433D-B211-CF3C789D7F6C}
	EndGlobalSection
EndGlobal
